
Microsoft Visual Studio Solution File, Format Version 12.00
# Visual Studio 15
Project("{FAE04EC0-301F-11D3-BF4B-00C04F79EFBC}") = "WhiteLabelingXFSample.Android", "WhiteLabelingXFSample.Android\WhiteLabelingXFSample.Android.csproj", "{D0D6029B-81B6-418E-8B0C-40772944D4FE}"
EndProject
Project("{FAE04EC0-301F-11D3-BF4B-00C04F79EFBC}") = "WhiteLabelingXFSample.iOS", "WhiteLabelingXFSample.iOS\WhiteLabelingXFSample.iOS.csproj", "{5E6D4E84-FDB9-4FB2-8BD9-7561A2D997EE}"
EndProject
Project("{FAE04EC0-301F-11D3-BF4B-00C04F79EFBC}") = "WhiteLabelingXFSample", "WhiteLabelingXFSample\WhiteLabelingXFSample.csproj", "{DFF6AE15-7495-4AC6-80C0-4D280E20C264}"
EndProject
Global
	GlobalSection(SolutionConfigurationPlatforms) = preSolution
		Debug|Any CPU = Debug|Any CPU
		Release|Any CPU = Release|Any CPU
		Debug|iPhoneSimulator = Debug|iPhoneSimulator
		Release|iPhoneSimulator = Release|iPhoneSimulator
		Debug|iPhone = Debug|iPhone
		Release|iPhone = Release|iPhone
		Debug-App1|Any CPU = Debug-App1|Any CPU
		Debug-App2|Any CPU = Debug-App2|Any CPU
		Debug-App1|iPhone = Debug-App1|iPhone
		Debug-App2|iPhone = Debug-App2|iPhone
		Debug-App1|iPhoneSimulator = Debug-App1|iPhoneSimulator
		Debug-App2|iPhoneSimulator = Debug-App2|iPhoneSimulator
		Release-App1|Any CPU = Release-App1|Any CPU
		Release-App2|Any CPU = Release-App2|Any CPU
		Release-App1|iPhone = Release-App1|iPhone
		Release-App2|iPhone = Release-App2|iPhone
		Release-App1|iPhoneSimulator = Release-App1|iPhoneSimulator
		Release-App2|iPhoneSimulator = Release-App2|iPhoneSimulator
	EndGlobalSection
	GlobalSection(ProjectConfigurationPlatforms) = postSolution
		{D0D6029B-81B6-418E-8B0C-40772944D4FE}.Debug|Any CPU.ActiveCfg = Debug|Any CPU
		{D0D6029B-81B6-418E-8B0C-40772944D4FE}.Debug|Any CPU.Build.0 = Debug|Any CPU
		{D0D6029B-81B6-418E-8B0C-40772944D4FE}.Release|Any CPU.ActiveCfg = Release|Any CPU
		{D0D6029B-81B6-418E-8B0C-40772944D4FE}.Release|Any CPU.Build.0 = Release|Any CPU
		{D0D6029B-81B6-418E-8B0C-40772944D4FE}.Debug|iPhoneSimulator.ActiveCfg = Debug|Any CPU
		{D0D6029B-81B6-418E-8B0C-40772944D4FE}.Debug|iPhoneSimulator.Build.0 = Debug|Any CPU
		{D0D6029B-81B6-418E-8B0C-40772944D4FE}.Release|iPhoneSimulator.ActiveCfg = Release|Any CPU
		{D0D6029B-81B6-418E-8B0C-40772944D4FE}.Release|iPhoneSimulator.Build.0 = Release|Any CPU
		{D0D6029B-81B6-418E-8B0C-40772944D4FE}.Debug|iPhone.ActiveCfg = Debug|Any CPU
		{D0D6029B-81B6-418E-8B0C-40772944D4FE}.Debug|iPhone.Build.0 = Debug|Any CPU
		{D0D6029B-81B6-418E-8B0C-40772944D4FE}.Release|iPhone.ActiveCfg = Release|Any CPU
		{D0D6029B-81B6-418E-8B0C-40772944D4FE}.Release|iPhone.Build.0 = Release|Any CPU
		{D0D6029B-81B6-418E-8B0C-40772944D4FE}.Debug-App1|Any CPU.ActiveCfg = Debug-App1|Any CPU
		{D0D6029B-81B6-418E-8B0C-40772944D4FE}.Debug-App1|Any CPU.Build.0 = Debug-App1|Any CPU
		{D0D6029B-81B6-418E-8B0C-40772944D4FE}.Debug-App2|Any CPU.ActiveCfg = Debug-App2|Any CPU
		{D0D6029B-81B6-418E-8B0C-40772944D4FE}.Debug-App2|Any CPU.Build.0 = Debug-App2|Any CPU
		{D0D6029B-81B6-418E-8B0C-40772944D4FE}.Debug-App1|iPhone.ActiveCfg = Debug-App1|Any CPU
		{D0D6029B-81B6-418E-8B0C-40772944D4FE}.Debug-App1|iPhone.Build.0 = Debug-App1|Any CPU
		{D0D6029B-81B6-418E-8B0C-40772944D4FE}.Debug-App2|iPhone.ActiveCfg = Debug-App2|Any CPU
		{D0D6029B-81B6-418E-8B0C-40772944D4FE}.Debug-App2|iPhone.Build.0 = Debug-App2|Any CPU
		{D0D6029B-81B6-418E-8B0C-40772944D4FE}.Debug-App1|iPhoneSimulator.ActiveCfg = Debug-App1|Any CPU
		{D0D6029B-81B6-418E-8B0C-40772944D4FE}.Debug-App1|iPhoneSimulator.Build.0 = Debug-App1|Any CPU
		{D0D6029B-81B6-418E-8B0C-40772944D4FE}.Debug-App2|iPhoneSimulator.ActiveCfg = Debug-App2|Any CPU
		{D0D6029B-81B6-418E-8B0C-40772944D4FE}.Debug-App2|iPhoneSimulator.Build.0 = Debug-App2|Any CPU
		{D0D6029B-81B6-418E-8B0C-40772944D4FE}.Release-App1|Any CPU.ActiveCfg = Release-App1|Any CPU
		{D0D6029B-81B6-418E-8B0C-40772944D4FE}.Release-App1|Any CPU.Build.0 = Release-App1|Any CPU
		{D0D6029B-81B6-418E-8B0C-40772944D4FE}.Release-App2|Any CPU.ActiveCfg = Release-App2|Any CPU
		{D0D6029B-81B6-418E-8B0C-40772944D4FE}.Release-App2|Any CPU.Build.0 = Release-App2|Any CPU
		{D0D6029B-81B6-418E-8B0C-40772944D4FE}.Release-App1|iPhone.ActiveCfg = Release-App1|Any CPU
		{D0D6029B-81B6-418E-8B0C-40772944D4FE}.Release-App1|iPhone.Build.0 = Release-App1|Any CPU
		{D0D6029B-81B6-418E-8B0C-40772944D4FE}.Release-App2|iPhone.ActiveCfg = Release-App2|Any CPU
		{D0D6029B-81B6-418E-8B0C-40772944D4FE}.Release-App2|iPhone.Build.0 = Release-App2|Any CPU
		{D0D6029B-81B6-418E-8B0C-40772944D4FE}.Release-App1|iPhoneSimulator.ActiveCfg = Release-App1|Any CPU
		{D0D6029B-81B6-418E-8B0C-40772944D4FE}.Release-App1|iPhoneSimulator.Build.0 = Release-App1|Any CPU
		{D0D6029B-81B6-418E-8B0C-40772944D4FE}.Release-App2|iPhoneSimulator.ActiveCfg = Release-App2|Any CPU
		{D0D6029B-81B6-418E-8B0C-40772944D4FE}.Release-App2|iPhoneSimulator.Build.0 = Release-App2|Any CPU
		{5E6D4E84-FDB9-4FB2-8BD9-7561A2D997EE}.Debug|Any CPU.ActiveCfg = Debug|iPhoneSimulator
		{5E6D4E84-FDB9-4FB2-8BD9-7561A2D997EE}.Debug|Any CPU.Build.0 = Debug|iPhoneSimulator
		{5E6D4E84-FDB9-4FB2-8BD9-7561A2D997EE}.Release|Any CPU.ActiveCfg = Release|iPhoneSimulator
		{5E6D4E84-FDB9-4FB2-8BD9-7561A2D997EE}.Release|Any CPU.Build.0 = Release|iPhoneSimulator
		{5E6D4E84-FDB9-4FB2-8BD9-7561A2D997EE}.Debug|iPhoneSimulator.ActiveCfg = Debug|iPhoneSimulator
		{5E6D4E84-FDB9-4FB2-8BD9-7561A2D997EE}.Debug|iPhoneSimulator.Build.0 = Debug|iPhoneSimulator
		{5E6D4E84-FDB9-4FB2-8BD9-7561A2D997EE}.Release|iPhoneSimulator.ActiveCfg = Release|iPhoneSimulator
		{5E6D4E84-FDB9-4FB2-8BD9-7561A2D997EE}.Release|iPhoneSimulator.Build.0 = Release|iPhoneSimulator
		{5E6D4E84-FDB9-4FB2-8BD9-7561A2D997EE}.Debug|iPhone.ActiveCfg = Debug|iPhone
		{5E6D4E84-FDB9-4FB2-8BD9-7561A2D997EE}.Debug|iPhone.Build.0 = Debug|iPhone
		{5E6D4E84-FDB9-4FB2-8BD9-7561A2D997EE}.Release|iPhone.ActiveCfg = Release|iPhone
		{5E6D4E84-FDB9-4FB2-8BD9-7561A2D997EE}.Release|iPhone.Build.0 = Release|iPhone
		{5E6D4E84-FDB9-4FB2-8BD9-7561A2D997EE}.Debug-App1|Any CPU.ActiveCfg = Debug-App1|iPhoneSimulator
		{5E6D4E84-FDB9-4FB2-8BD9-7561A2D997EE}.Debug-App1|Any CPU.Build.0 = Debug-App1|iPhoneSimulator
		{5E6D4E84-FDB9-4FB2-8BD9-7561A2D997EE}.Debug-App2|Any CPU.ActiveCfg = Debug-App2|iPhoneSimulator
		{5E6D4E84-FDB9-4FB2-8BD9-7561A2D997EE}.Debug-App2|Any CPU.Build.0 = Debug-App2|iPhoneSimulator
		{5E6D4E84-FDB9-4FB2-8BD9-7561A2D997EE}.Debug-App1|iPhone.ActiveCfg = Debug-App1|iPhone
		{5E6D4E84-FDB9-4FB2-8BD9-7561A2D997EE}.Debug-App1|iPhone.Build.0 = Debug-App1|iPhone
		{5E6D4E84-FDB9-4FB2-8BD9-7561A2D997EE}.Debug-App2|iPhone.ActiveCfg = Debug-App2|iPhone
		{5E6D4E84-FDB9-4FB2-8BD9-7561A2D997EE}.Debug-App2|iPhone.Build.0 = Debug-App2|iPhone
		{5E6D4E84-FDB9-4FB2-8BD9-7561A2D997EE}.Debug-App1|iPhoneSimulator.ActiveCfg = Debug-App1|iPhoneSimulator
		{5E6D4E84-FDB9-4FB2-8BD9-7561A2D997EE}.Debug-App1|iPhoneSimulator.Build.0 = Debug-App1|iPhoneSimulator
		{5E6D4E84-FDB9-4FB2-8BD9-7561A2D997EE}.Debug-App2|iPhoneSimulator.ActiveCfg = Debug-App2|iPhoneSimulator
		{5E6D4E84-FDB9-4FB2-8BD9-7561A2D997EE}.Debug-App2|iPhoneSimulator.Build.0 = Debug-App2|iPhoneSimulator
		{5E6D4E84-FDB9-4FB2-8BD9-7561A2D997EE}.Release-App1|Any CPU.ActiveCfg = Release-App1|iPhoneSimulator
		{5E6D4E84-FDB9-4FB2-8BD9-7561A2D997EE}.Release-App1|Any CPU.Build.0 = Release-App1|iPhoneSimulator
		{5E6D4E84-FDB9-4FB2-8BD9-7561A2D997EE}.Release-App2|Any CPU.ActiveCfg = Release-App2|iPhoneSimulator
		{5E6D4E84-FDB9-4FB2-8BD9-7561A2D997EE}.Release-App2|Any CPU.Build.0 = Release-App2|iPhoneSimulator
		{5E6D4E84-FDB9-4FB2-8BD9-7561A2D997EE}.Release-App1|iPhone.ActiveCfg = Release-App1|iPhone
		{5E6D4E84-FDB9-4FB2-8BD9-7561A2D997EE}.Release-App1|iPhone.Build.0 = Release-App1|iPhone
		{5E6D4E84-FDB9-4FB2-8BD9-7561A2D997EE}.Release-App2|iPhone.ActiveCfg = Release-App2|iPhone
		{5E6D4E84-FDB9-4FB2-8BD9-7561A2D997EE}.Release-App2|iPhone.Build.0 = Release-App2|iPhone
		{5E6D4E84-FDB9-4FB2-8BD9-7561A2D997EE}.Release-App1|iPhoneSimulator.ActiveCfg = Release-App1|iPhoneSimulator
		{5E6D4E84-FDB9-4FB2-8BD9-7561A2D997EE}.Release-App1|iPhoneSimulator.Build.0 = Release-App1|iPhoneSimulator
		{5E6D4E84-FDB9-4FB2-8BD9-7561A2D997EE}.Release-App2|iPhoneSimulator.ActiveCfg = Release-App2|iPhoneSimulator
		{5E6D4E84-FDB9-4FB2-8BD9-7561A2D997EE}.Release-App2|iPhoneSimulator.Build.0 = Release-App2|iPhoneSimulator
		{DFF6AE15-7495-4AC6-80C0-4D280E20C264}.Debug|Any CPU.ActiveCfg = Debug|Any CPU
		{DFF6AE15-7495-4AC6-80C0-4D280E20C264}.Debug|Any CPU.Build.0 = Debug|Any CPU
		{DFF6AE15-7495-4AC6-80C0-4D280E20C264}.Release|Any CPU.ActiveCfg = Release|Any CPU
		{DFF6AE15-7495-4AC6-80C0-4D280E20C264}.Release|Any CPU.Build.0 = Release|Any CPU
		{DFF6AE15-7495-4AC6-80C0-4D280E20C264}.Debug|iPhoneSimulator.ActiveCfg = Debug|Any CPU
		{DFF6AE15-7495-4AC6-80C0-4D280E20C264}.Debug|iPhoneSimulator.Build.0 = Debug|Any CPU
		{DFF6AE15-7495-4AC6-80C0-4D280E20C264}.Release|iPhoneSimulator.ActiveCfg = Release|Any CPU
		{DFF6AE15-7495-4AC6-80C0-4D280E20C264}.Release|iPhoneSimulator.Build.0 = Release|Any CPU
		{DFF6AE15-7495-4AC6-80C0-4D280E20C264}.Debug|iPhone.ActiveCfg = Debug|Any CPU
		{DFF6AE15-7495-4AC6-80C0-4D280E20C264}.Debug|iPhone.Build.0 = Debug|Any CPU
		{DFF6AE15-7495-4AC6-80C0-4D280E20C264}.Release|iPhone.ActiveCfg = Release|Any CPU
		{DFF6AE15-7495-4AC6-80C0-4D280E20C264}.Release|iPhone.Build.0 = Release|Any CPU
		{DFF6AE15-7495-4AC6-80C0-4D280E20C264}.Debug-App1|Any CPU.ActiveCfg = Debug-App1|Any CPU
		{DFF6AE15-7495-4AC6-80C0-4D280E20C264}.Debug-App1|Any CPU.Build.0 = Debug-App1|Any CPU
		{DFF6AE15-7495-4AC6-80C0-4D280E20C264}.Debug-App2|Any CPU.ActiveCfg = Debug-App2|Any CPU
		{DFF6AE15-7495-4AC6-80C0-4D280E20C264}.Debug-App2|Any CPU.Build.0 = Debug-App2|Any CPU
		{DFF6AE15-7495-4AC6-80C0-4D280E20C264}.Debug-App1|iPhone.ActiveCfg = Debug-App1|Any CPU
		{DFF6AE15-7495-4AC6-80C0-4D280E20C264}.Debug-App1|iPhone.Build.0 = Debug-App1|Any CPU
		{DFF6AE15-7495-4AC6-80C0-4D280E20C264}.Debug-App2|iPhone.ActiveCfg = Debug-App2|Any CPU
		{DFF6AE15-7495-4AC6-80C0-4D280E20C264}.Debug-App2|iPhone.Build.0 = Debug-App2|Any CPU
		{DFF6AE15-7495-4AC6-80C0-4D280E20C264}.Debug-App1|iPhoneSimulator.ActiveCfg = Debug-App1|Any CPU
		{DFF6AE15-7495-4AC6-80C0-4D280E20C264}.Debug-App1|iPhoneSimulator.Build.0 = Debug-App1|Any CPU
		{DFF6AE15-7495-4AC6-80C0-4D280E20C264}.Debug-App2|iPhoneSimulator.ActiveCfg = Debug-App2|Any CPU
		{DFF6AE15-7495-4AC6-80C0-4D280E20C264}.Debug-App2|iPhoneSimulator.Build.0 = Debug-App2|Any CPU
		{DFF6AE15-7495-4AC6-80C0-4D280E20C264}.Release-App1|Any CPU.ActiveCfg = Release-App1|Any CPU
		{DFF6AE15-7495-4AC6-80C0-4D280E20C264}.Release-App1|Any CPU.Build.0 = Release-App1|Any CPU
		{DFF6AE15-7495-4AC6-80C0-4D280E20C264}.Release-App2|Any CPU.ActiveCfg = Release-App2|Any CPU
		{DFF6AE15-7495-4AC6-80C0-4D280E20C264}.Release-App2|Any CPU.Build.0 = Release-App2|Any CPU
		{DFF6AE15-7495-4AC6-80C0-4D280E20C264}.Release-App1|iPhone.ActiveCfg = Release-App1|Any CPU
		{DFF6AE15-7495-4AC6-80C0-4D280E20C264}.Release-App1|iPhone.Build.0 = Release-App1|Any CPU
		{DFF6AE15-7495-4AC6-80C0-4D280E20C264}.Release-App2|iPhone.ActiveCfg = Release-App2|Any CPU
		{DFF6AE15-7495-4AC6-80C0-4D280E20C264}.Release-App2|iPhone.Build.0 = Release-App2|Any CPU
		{DFF6AE15-7495-4AC6-80C0-4D280E20C264}.Release-App1|iPhoneSimulator.ActiveCfg = Release-App1|Any CPU
		{DFF6AE15-7495-4AC6-80C0-4D280E20C264}.Release-App1|iPhoneSimulator.Build.0 = Release-App1|Any CPU
		{DFF6AE15-7495-4AC6-80C0-4D280E20C264}.Release-App2|iPhoneSimulator.ActiveCfg = Release-App2|Any CPU
		{DFF6AE15-7495-4AC6-80C0-4D280E20C264}.Release-App2|iPhoneSimulator.Build.0 = Release-App2|Any CPU
	EndGlobalSection
EndGlobal
